
Microsoft Visual Studio Solution File, Format Version 12.00
# Visual Studio Version 16
VisualStudioVersion = 16.0.30128.74
MinimumVisualStudioVersion = 10.0.40219.1
Project("{FAE04EC0-301F-11D3-BF4B-00C04F79EFBC}") = "ApiWeb", "ApiWeb\ApiWeb.csproj", "{5772AB17-8045-447F-84E4-08B72A757065}"
EndProject
Global
	GlobalSection(SolutionConfigurationPlatforms) = preSolution
		Debug|Any CPU = Debug|Any CPU
		Release|Any CPU = Release|Any CPU
	EndGlobalSection
	GlobalSection(ProjectConfigurationPlatforms) = postSolution
		{5772AB17-8045-447F-84E4-08B72A757065}.Debug|Any CPU.ActiveCfg = Debug|Any CPU
		{5772AB17-8045-447F-84E4-08B72A757065}.Debug|Any CPU.Build.0 = Debug|Any CPU
		{5772AB17-8045-447F-84E4-08B72A757065}.Release|Any CPU.ActiveCfg = Release|Any CPU
		{5772AB17-8045-447F-84E4-08B72A757065}.Release|Any CPU.Build.0 = Release|Any CPU
	EndGlobalSection
	GlobalSection(SolutionProperties) = preSolution
		HideSolutionNode = FALSE
	EndGlobalSection
	GlobalSection(ExtensibilityGlobals) = postSolution
		SolutionGuid = {6C38E6C0-12BB-4BEC-8171-E59A8CDA816E}
	EndGlobalSection
EndGlobal
