
Microsoft Visual Studio Solution File, Format Version 12.00
# Visual Studio Version 16
VisualStudioVersion = 16.0.30128.74
MinimumVisualStudioVersion = 10.0.40219.1
Project("{FAE04EC0-301F-11D3-BF4B-00C04F79EFBC}") = "BTL_qldientu", "BTL_qldientu\BTL_qldientu.csproj", "{A1E22AB0-062F-4B79-AB69-D39ABD6BE351}"
EndProject
Project("{FAE04EC0-301F-11D3-BF4B-00C04F79EFBC}") = "btl_qldientu_client", "btl_qldientu_client\btl_qldientu_client.csproj", "{1F6D9966-AD97-4D0D-BE6B-109B912C57F3}"
EndProject
Global
	GlobalSection(SolutionConfigurationPlatforms) = preSolution
		Debug|Any CPU = Debug|Any CPU
		Release|Any CPU = Release|Any CPU
	EndGlobalSection
	GlobalSection(ProjectConfigurationPlatforms) = postSolution
		{A1E22AB0-062F-4B79-AB69-D39ABD6BE351}.Debug|Any CPU.ActiveCfg = Debug|Any CPU
		{A1E22AB0-062F-4B79-AB69-D39ABD6BE351}.Debug|Any CPU.Build.0 = Debug|Any CPU
		{A1E22AB0-062F-4B79-AB69-D39ABD6BE351}.Release|Any CPU.ActiveCfg = Release|Any CPU
		{A1E22AB0-062F-4B79-AB69-D39ABD6BE351}.Release|Any CPU.Build.0 = Release|Any CPU
		{1F6D9966-AD97-4D0D-BE6B-109B912C57F3}.Debug|Any CPU.ActiveCfg = Debug|Any CPU
		{1F6D9966-AD97-4D0D-BE6B-109B912C57F3}.Debug|Any CPU.Build.0 = Debug|Any CPU
		{1F6D9966-AD97-4D0D-BE6B-109B912C57F3}.Release|Any CPU.ActiveCfg = Release|Any CPU
		{1F6D9966-AD97-4D0D-BE6B-109B912C57F3}.Release|Any CPU.Build.0 = Release|Any CPU
	EndGlobalSection
	GlobalSection(SolutionProperties) = preSolution
		HideSolutionNode = FALSE
	EndGlobalSection
	GlobalSection(ExtensibilityGlobals) = postSolution
		SolutionGuid = {7BA11054-A10E-4ACF-939F-83D3A182C5D7}
	EndGlobalSection
EndGlobal
