
Microsoft Visual Studio Solution File, Format Version 12.00
# Visual Studio Version 16
VisualStudioVersion = 16.0.30128.74
MinimumVisualStudioVersion = 10.0.40219.1
Project("{FAE04EC0-301F-11D3-BF4B-00C04F79EFBC}") = "eclassclient", "eclassclient\eclassclient.csproj", "{D1618904-B103-4A59-961C-14A21FDBBFC4}"
EndProject
Global
	GlobalSection(SolutionConfigurationPlatforms) = preSolution
		Debug|Any CPU = Debug|Any CPU
		Release|Any CPU = Release|Any CPU
	EndGlobalSection
	GlobalSection(ProjectConfigurationPlatforms) = postSolution
		{D1618904-B103-4A59-961C-14A21FDBBFC4}.Debug|Any CPU.ActiveCfg = Debug|Any CPU
		{D1618904-B103-4A59-961C-14A21FDBBFC4}.Debug|Any CPU.Build.0 = Debug|Any CPU
		{D1618904-B103-4A59-961C-14A21FDBBFC4}.Release|Any CPU.ActiveCfg = Release|Any CPU
		{D1618904-B103-4A59-961C-14A21FDBBFC4}.Release|Any CPU.Build.0 = Release|Any CPU
	EndGlobalSection
	GlobalSection(SolutionProperties) = preSolution
		HideSolutionNode = FALSE
	EndGlobalSection
	GlobalSection(ExtensibilityGlobals) = postSolution
		SolutionGuid = {A3BD961F-4498-4434-AA3A-43D3B79C100D}
	EndGlobalSection
EndGlobal
